// !$*UTF8*$!
{
	archiveVersion = 1;
	classes = {
	};
	objectVersion = 46;
	objects = {

/* Begin PBXBuildFile section */
		8586EF8B1AC34C1F00F47C20 /* AppDelegate.swift in Sources */ = {isa = PBXBuildFile; fileRef = 8586EF8A1AC34C1F00F47C20 /* AppDelegate.swift */; };
		8586EF8D1AC34C1F00F47C20 /* WelcomeViewController.swift in Sources */ = {isa = PBXBuildFile; fileRef = 8586EF8C1AC34C1F00F47C20 /* WelcomeViewController.swift */; };
		8586EF901AC34C1F00F47C20 /* Main.storyboard in Resources */ = {isa = PBXBuildFile; fileRef = 8586EF8E1AC34C1F00F47C20 /* Main.storyboard */; };
		8586EF921AC34C1F00F47C20 /* Images.xcassets in Resources */ = {isa = PBXBuildFile; fileRef = 8586EF911AC34C1F00F47C20 /* Images.xcassets */; };
		8586EF951AC34C1F00F47C20 /* LaunchScreen.xib in Resources */ = {isa = PBXBuildFile; fileRef = 8586EF931AC34C1F00F47C20 /* LaunchScreen.xib */; };
		8586EFA11AC34C1F00F47C20 /* TheCandyChallengeTests.swift in Sources */ = {isa = PBXBuildFile; fileRef = 8586EFA01AC34C1F00F47C20 /* TheCandyChallengeTests.swift */; };
		85C32E4F1ACB14A90053EFF7 /* InviteFriendsViewController.swift in Sources */ = {isa = PBXBuildFile; fileRef = 85C32E4E1ACB14A90053EFF7 /* InviteFriendsViewController.swift */; };
/* End PBXBuildFile section */

/* Begin PBXContainerItemProxy section */
		8586EF9B1AC34C1F00F47C20 /* PBXContainerItemProxy */ = {
			isa = PBXContainerItemProxy;
			containerPortal = 8586EF7D1AC34C1F00F47C20 /* Project object */;
			proxyType = 1;
			remoteGlobalIDString = 8586EF841AC34C1F00F47C20;
			remoteInfo = TheCandyChallenge;
		};
/* End PBXContainerItemProxy section */

/* Begin PBXFileReference section */
		8586EF851AC34C1F00F47C20 /* TheCandyChallenge.app */ = {isa = PBXFileReference; explicitFileType = wrapper.application; includeInIndex = 0; path = TheCandyChallenge.app; sourceTree = BUILT_PRODUCTS_DIR; };
		8586EF891AC34C1F00F47C20 /* Info.plist */ = {isa = PBXFileReference; lastKnownFileType = text.plist.xml; path = Info.plist; sourceTree = "<group>"; };
		8586EF8A1AC34C1F00F47C20 /* AppDelegate.swift */ = {isa = PBXFileReference; lastKnownFileType = sourcecode.swift; path = AppDelegate.swift; sourceTree = "<group>"; };
		8586EF8C1AC34C1F00F47C20 /* WelcomeViewController.swift */ = {isa = PBXFileReference; lastKnownFileType = sourcecode.swift; path = WelcomeViewController.swift; sourceTree = "<group>"; };
		8586EF8F1AC34C1F00F47C20 /* Base */ = {isa = PBXFileReference; lastKnownFileType = file.storyboard; name = Base; path = Base.lproj/Main.storyboard; sourceTree = "<group>"; };
		8586EF911AC34C1F00F47C20 /* Images.xcassets */ = {isa = PBXFileReference; lastKnownFileType = folder.assetcatalog; path = Images.xcassets; sourceTree = "<group>"; };
		8586EF941AC34C1F00F47C20 /* Base */ = {isa = PBXFileReference; lastKnownFileType = file.xib; name = Base; path = Base.lproj/LaunchScreen.xib; sourceTree = "<group>"; };
		8586EF9A1AC34C1F00F47C20 /* TheCandyChallengeTests.xctest */ = {isa = PBXFileReference; explicitFileType = wrapper.cfbundle; includeInIndex = 0; path = TheCandyChallengeTests.xctest; sourceTree = BUILT_PRODUCTS_DIR; };
		8586EF9F1AC34C1F00F47C20 /* Info.plist */ = {isa = PBXFileReference; lastKnownFileType = text.plist.xml; path = Info.plist; sourceTree = "<group>"; };
		8586EFA01AC34C1F00F47C20 /* TheCandyChallengeTests.swift */ = {isa = PBXFileReference; lastKnownFileType = sourcecode.swift; path = TheCandyChallengeTests.swift; sourceTree = "<group>"; };
		85C32E4E1ACB14A90053EFF7 /* InviteFriendsViewController.swift */ = {isa = PBXFileReference; fileEncoding = 4; lastKnownFileType = sourcecode.swift; path = InviteFriendsViewController.swift; sourceTree = "<group>"; };
/* End PBXFileReference section */

/* Begin PBXFrameworksBuildPhase section */
		8586EF821AC34C1F00F47C20 /* Frameworks */ = {
			isa = PBXFrameworksBuildPhase;
			buildActionMask = 2147483647;
			files = (
			);
			runOnlyForDeploymentPostprocessing = 0;
		};
		8586EF971AC34C1F00F47C20 /* Frameworks */ = {
			isa = PBXFrameworksBuildPhase;
			buildActionMask = 2147483647;
			files = (
			);
			runOnlyForDeploymentPostprocessing = 0;
		};
/* End PBXFrameworksBuildPhase section */

/* Begin PBXGroup section */
		8586EF7C1AC34C1F00F47C20 = {
			isa = PBXGroup;
			children = (
				8586EF871AC34C1F00F47C20 /* TheCandyChallenge */,
				8586EF9D1AC34C1F00F47C20 /* TheCandyChallengeTests */,
				8586EF861AC34C1F00F47C20 /* Products */,
			);
			sourceTree = "<group>";
		};
		8586EF861AC34C1F00F47C20 /* Products */ = {
			isa = PBXGroup;
			children = (
				8586EF851AC34C1F00F47C20 /* TheCandyChallenge.app */,
				8586EF9A1AC34C1F00F47C20 /* TheCandyChallengeTests.xctest */,
			);
			name = Products;
			sourceTree = "<group>";
		};
		8586EF871AC34C1F00F47C20 /* TheCandyChallenge */ = {
			isa = PBXGroup;
			children = (
				8586EF8A1AC34C1F00F47C20 /* AppDelegate.swift */,
				8586EF8C1AC34C1F00F47C20 /* WelcomeViewController.swift */,
				8586EF8E1AC34C1F00F47C20 /* Main.storyboard */,
				8586EF911AC34C1F00F47C20 /* Images.xcassets */,
				8586EF931AC34C1F00F47C20 /* LaunchScreen.xib */,
				8586EF881AC34C1F00F47C20 /* Supporting Files */,
				85C32E4E1ACB14A90053EFF7 /* InviteFriendsViewController.swift */,
			);
			path = TheCandyChallenge;
			sourceTree = "<group>";
		};
		8586EF881AC34C1F00F47C20 /* Supporting Files */ = {
			isa = PBXGroup;
			children = (
				8586EF891AC34C1F00F47C20 /* Info.plist */,
			);
			name = "Supporting Files";
			sourceTree = "<group>";
		};
		8586EF9D1AC34C1F00F47C20 /* TheCandyChallengeTests */ = {
			isa = PBXGroup;
			children = (
				8586EFA01AC34C1F00F47C20 /* TheCandyChallengeTests.swift */,
				8586EF9E1AC34C1F00F47C20 /* Supporting Files */,
			);
			path = TheCandyChallengeTests;
			sourceTree = "<group>";
		};
		8586EF9E1AC34C1F00F47C20 /* Supporting Files */ = {
			isa = PBXGroup;
			children = (
				8586EF9F1AC34C1F00F47C20 /* Info.plist */,
			);
			name = "Supporting Files";
			sourceTree = "<group>";
		};
/* End PBXGroup section */

/* Begin PBXNativeTarget section */
		8586EF841AC34C1F00F47C20 /* TheCandyChallenge */ = {
			isa = PBXNativeTarget;
			buildConfigurationList = 8586EFA41AC34C1F00F47C20 /* Build configuration list for PBXNativeTarget "TheCandyChallenge" */;
			buildPhases = (
				8586EF811AC34C1F00F47C20 /* Sources */,
				8586EF821AC34C1F00F47C20 /* Frameworks */,
				8586EF831AC34C1F00F47C20 /* Resources */,
			);
			buildRules = (
			);
			dependencies = (
			);
			name = TheCandyChallenge;
			productName = TheCandyChallenge;
			productReference = 8586EF851AC34C1F00F47C20 /* TheCandyChallenge.app */;
			productType = "com.apple.product-type.application";
		};
		8586EF991AC34C1F00F47C20 /* TheCandyChallengeTests */ = {
			isa = PBXNativeTarget;
			buildConfigurationList = 8586EFA71AC34C1F00F47C20 /* Build configuration list for PBXNativeTarget "TheCandyChallengeTests" */;
			buildPhases = (
				8586EF961AC34C1F00F47C20 /* Sources */,
				8586EF971AC34C1F00F47C20 /* Frameworks */,
				8586EF981AC34C1F00F47C20 /* Resources */,
			);
			buildRules = (
			);
			dependencies = (
				8586EF9C1AC34C1F00F47C20 /* PBXTargetDependency */,
			);
			name = TheCandyChallengeTests;
			productName = TheCandyChallengeTests;
			productReference = 8586EF9A1AC34C1F00F47C20 /* TheCandyChallengeTests.xctest */;
			productType = "com.apple.product-type.bundle.unit-test";
		};
/* End PBXNativeTarget section */

/* Begin PBXProject section */
		8586EF7D1AC34C1F00F47C20 /* Project object */ = {
			isa = PBXProject;
			attributes = {
				LastUpgradeCheck = 0620;
				ORGANIZATIONNAME = "Simen Lomås Johannessen";
				TargetAttributes = {
					8586EF841AC34C1F00F47C20 = {
						CreatedOnToolsVersion = 6.2;
					};
					8586EF991AC34C1F00F47C20 = {
						CreatedOnToolsVersion = 6.2;
						TestTargetID = 8586EF841AC34C1F00F47C20;
					};
				};
			};
			buildConfigurationList = 8586EF801AC34C1F00F47C20 /* Build configuration list for PBXProject "TheCandyChallenge" */;
			compatibilityVersion = "Xcode 3.2";
			developmentRegion = English;
			hasScannedForEncodings = 0;
			knownRegions = (
				en,
				Base,
			);
			mainGroup = 8586EF7C1AC34C1F00F47C20;
			productRefGroup = 8586EF861AC34C1F00F47C20 /* Products */;
			projectDirPath = "";
			projectRoot = "";
			targets = (
				8586EF841AC34C1F00F47C20 /* TheCandyChallenge */,
				8586EF991AC34C1F00F47C20 /* TheCandyChallengeTests */,
			);
		};
/* End PBXProject section */

/* Begin PBXResourcesBuildPhase section */
		8586EF831AC34C1F00F47C20 /* Resources */ = {
			isa = PBXResourcesBuildPhase;
			buildActionMask = 2147483647;
			files = (
				8586EF901AC34C1F00F47C20 /* Main.storyboard in Resources */,
				8586EF951AC34C1F00F47C20 /* LaunchScreen.xib in Resources */,
				8586EF921AC34C1F00F47C20 /* Images.xcassets in Resources */,
			);
			runOnlyForDeploymentPostprocessing = 0;
		};
		8586EF981AC34C1F00F47C20 /* Resources */ = {
			isa = PBXResourcesBuildPhase;
			buildActionMask = 2147483647;
			files = (
			);
			runOnlyForDeploymentPostprocessing = 0;
		};
/* End PBXResourcesBuildPhase section */

/* Begin PBXSourcesBuildPhase section */
		8586EF811AC34C1F00F47C20 /* Sources */ = {
			isa = PBXSourcesBuildPhase;
			buildActionMask = 2147483647;
			files = (
				8586EF8D1AC34C1F00F47C20 /* WelcomeViewController.swift in Sources */,
				85C32E4F1ACB14A90053EFF7 /* InviteFriendsViewController.swift in Sources */,
				8586EF8B1AC34C1F00F47C20 /* AppDelegate.swift in Sources */,
			);
			runOnlyForDeploymentPostprocessing = 0;
		};
		8586EF961AC34C1F00F47C20 /* Sources */ = {
			isa = PBXSourcesBuildPhase;
			buildActionMask = 2147483647;
			files = (
				8586EFA11AC34C1F00F47C20 /* TheCandyChallengeTests.swift in Sources */,
			);
			runOnlyForDeploymentPostprocessing = 0;
		};
/* End PBXSourcesBuildPhase section */

/* Begin PBXTargetDependency section */
		8586EF9C1AC34C1F00F47C20 /* PBXTargetDependency */ = {
			isa = PBXTargetDependency;
			target = 8586EF841AC34C1F00F47C20 /* TheCandyChallenge */;
			targetProxy = 8586EF9B1AC34C1F00F47C20 /* PBXContainerItemProxy */;
		};
/* End PBXTargetDependency section */

/* Begin PBXVariantGroup section */
		8586EF8E1AC34C1F00F47C20 /* Main.storyboard */ = {
			isa = PBXVariantGroup;
			children = (
				8586EF8F1AC34C1F00F47C20 /* Base */,
			);
			name = Main.storyboard;
			sourceTree = "<group>";
		};
		8586EF931AC34C1F00F47C20 /* LaunchScreen.xib */ = {
			isa = PBXVariantGroup;
			children = (
				8586EF941AC34C1F00F47C20 /* Base */,
			);
			name = LaunchScreen.xib;
			sourceTree = "<group>";
		};
/* End PBXVariantGroup section */

/* Begin XCBuildConfiguration section */
		8586EFA21AC34C1F00F47C20 /* Debug */ = {
			isa = XCBuildConfiguration;
			buildSettings = {
				ALWAYS_SEARCH_USER_PATHS = NO;
				CLANG_CXX_LANGUAGE_STANDARD = "gnu++0x";
				CLANG_CXX_LIBRARY = "libc++";
				CLANG_ENABLE_MODULES = YES;
				CLANG_ENABLE_OBJC_ARC = YES;
				CLANG_WARN_BOOL_CONVERSION = YES;
				CLANG_WARN_CONSTANT_CONVERSION = YES;
				CLANG_WARN_DIRECT_OBJC_ISA_USAGE = YES_ERROR;
				CLANG_WARN_EMPTY_BODY = YES;
				CLANG_WARN_ENUM_CONVERSION = YES;
				CLANG_WARN_INT_CONVERSION = YES;
				CLANG_WARN_OBJC_ROOT_CLASS = YES_ERROR;
				CLANG_WARN_UNREACHABLE_CODE = YES;
				CLANG_WARN__DUPLICATE_METHOD_MATCH = YES;
				"CODE_SIGN_IDENTITY[sdk=iphoneos*]" = "iPhone Developer";
				COPY_PHASE_STRIP = NO;
				ENABLE_STRICT_OBJC_MSGSEND = YES;
				GCC_C_LANGUAGE_STANDARD = gnu99;
				GCC_DYNAMIC_NO_PIC = NO;
				GCC_OPTIMIZATION_LEVEL = 0;
				GCC_PREPROCESSOR_DEFINITIONS = (
					"DEBUG=1",
					"$(inherited)",
				);
				GCC_SYMBOLS_PRIVATE_EXTERN = NO;
				GCC_WARN_64_TO_32_BIT_CONVERSION = YES;
				GCC_WARN_ABOUT_RETURN_TYPE = YES_ERROR;
				GCC_WARN_UNDECLARED_SELECTOR = YES;
				GCC_WARN_UNINITIALIZED_AUTOS = YES_AGGRESSIVE;
				GCC_WARN_UNUSED_FUNCTION = YES;
				GCC_WARN_UNUSED_VARIABLE = YES;
				IPHONEOS_DEPLOYMENT_TARGET = 8.2;
				MTL_ENABLE_DEBUG_INFO = YES;
				ONLY_ACTIVE_ARCH = YES;
				SDKROOT = iphoneos;
				SWIFT_OPTIMIZATION_LEVEL = "-Onone";
				TARGETED_DEVICE_FAMILY = "1,2";
			};
			name = Debug;
		};
		8586EFA31AC34C1F00F47C20 /* Release */ = {
			isa = XCBuildConfiguration;
			buildSettings = {
				ALWAYS_SEARCH_USER_PATHS = NO;
				CLANG_CXX_LANGUAGE_STANDARD = "gnu++0x";
				CLANG_CXX_LIBRARY = "libc++";
				CLANG_ENABLE_MODULES = YES;
				CLANG_ENABLE_OBJC_ARC = YES;
				CLANG_WARN_BOOL_CONVERSION = YES;
				CLANG_WARN_CONSTANT_CONVERSION = YES;
				CLANG_WARN_DIRECT_OBJC_ISA_USAGE = YES_ERROR;
				CLANG_WARN_EMPTY_BODY = YES;
				CLANG_WARN_ENUM_CONVERSION = YES;
				CLANG_WARN_INT_CONVERSION = YES;
				CLANG_WARN_OBJC_ROOT_CLASS = YES_ERROR;
				CLANG_WARN_UNREACHABLE_CODE = YES;
				CLANG_WARN__DUPLICATE_METHOD_MATCH = YES;
				"CODE_SIGN_IDENTITY[sdk=iphoneos*]" = "iPhone Developer";
				COPY_PHASE_STRIP = NO;
				ENABLE_NS_ASSERTIONS = NO;
				ENABLE_STRICT_OBJC_MSGSEND = YES;
				GCC_C_LANGUAGE_STANDARD = gnu99;
				GCC_WARN_64_TO_32_BIT_CONVERSION = YES;
				GCC_WARN_ABOUT_RETURN_TYPE = YES_ERROR;
				GCC_WARN_UNDECLARED_SELECTOR = YES;
				GCC_WARN_UNINITIALIZED_AUTOS = YES_AGGRESSIVE;
				GCC_WARN_UNUSED_FUNCTION = YES;
				GCC_WARN_UNUSED_VARIABLE = YES;
				IPHONEOS_DEPLOYMENT_TARGET = 8.2;
				MTL_ENABLE_DEBUG_INFO = NO;
				SDKROOT = iphoneos;
				TARGETED_DEVICE_FAMILY = "1,2";
				VALIDATE_PRODUCT = YES;
			};
			name = Release;
		};
		8586EFA51AC34C1F00F47C20 /* Debug */ = {
			isa = XCBuildConfiguration;
			buildSettings = {
				ASSETCATALOG_COMPILER_APPICON_NAME = AppIcon;
				INFOPLIST_FILE = TheCandyChallenge/Info.plist;
				LD_RUNPATH_SEARCH_PATHS = "$(inherited) @executable_path/Frameworks";
				PRODUCT_NAME = "$(TARGET_NAME)";
			};
			name = Debug;
		};
		8586EFA61AC34C1F00F47C20 /* Release */ = {
			isa = XCBuildConfiguration;
			buildSettings = {
				ASSETCATALOG_COMPILER_APPICON_NAME = AppIcon;
				INFOPLIST_FILE = TheCandyChallenge/Info.plist;
				LD_RUNPATH_SEARCH_PATHS = "$(inherited) @executable_path/Frameworks";
				PRODUCT_NAME = "$(TARGET_NAME)";
			};
			name = Release;
		};
		8586EFA81AC34C1F00F47C20 /* Debug */ = {
			isa = XCBuildConfiguration;
			buildSettings = {
				BUNDLE_LOADER = "$(TEST_HOST)";
				FRAMEWORK_SEARCH_PATHS = (
					"$(SDKROOT)/Developer/Library/Frameworks",
					"$(inherited)",
				);
				GCC_PREPROCESSOR_DEFINITIONS = (
					"DEBUG=1",
					"$(inherited)",
				);
				INFOPLIST_FILE = TheCandyChallengeTests/Info.plist;
				LD_RUNPATH_SEARCH_PATHS = "$(inherited) @executable_path/Frameworks @loader_path/Frameworks";
				PRODUCT_NAME = "$(TARGET_NAME)";
				TEST_HOST = "$(BUILT_PRODUCTS_DIR)/TheCandyChallenge.app/TheCandyChallenge";
			};
			name = Debug;
		};
		8586EFA91AC34C1F00F47C20 /* Release */ = {
			isa = XCBuildConfiguration;
			buildSettings = {
				BUNDLE_LOADER = "$(TEST_HOST)";
				FRAMEWORK_SEARCH_PATHS = (
					"$(SDKROOT)/Developer/Library/Frameworks",
					"$(inherited)",
				);
				INFOPLIST_FILE = TheCandyChallengeTests/Info.plist;
				LD_RUNPATH_SEARCH_PATHS = "$(inherited) @executable_path/Frameworks @loader_path/Frameworks";
				PRODUCT_NAME = "$(TARGET_NAME)";
				TEST_HOST = "$(BUILT_PRODUCTS_DIR)/TheCandyChallenge.app/TheCandyChallenge";
			};
			name = Release;
		};
/* End XCBuildConfiguration section */

/* Begin XCConfigurationList section */
		8586EF801AC34C1F00F47C20 /* Build configuration list for PBXProject "TheCandyChallenge" */ = {
			isa = XCConfigurationList;
			buildConfigurations = (
				8586EFA21AC34C1F00F47C20 /* Debug */,
				8586EFA31AC34C1F00F47C20 /* Release */,
			);
			defaultConfigurationIsVisible = 0;
			defaultConfigurationName = Release;
		};
		8586EFA41AC34C1F00F47C20 /* Build configuration list for PBXNativeTarget "TheCandyChallenge" */ = {
			isa = XCConfigurationList;
			buildConfigurations = (
				8586EFA51AC34C1F00F47C20 /* Debug */,
				8586EFA61AC34C1F00F47C20 /* Release */,
			);
			defaultConfigurationIsVisible = 0;
			defaultConfigurationName = Release;
		};
		8586EFA71AC34C1F00F47C20 /* Build configuration list for PBXNativeTarget "TheCandyChallengeTests" */ = {
			isa = XCConfigurationList;
			buildConfigurations = (
				8586EFA81AC34C1F00F47C20 /* Debug */,
				8586EFA91AC34C1F00F47C20 /* Release */,
			);
			defaultConfigurationIsVisible = 0;
			defaultConfigurationName = Release;
		};
/* End XCConfigurationList section */
	};
	rootObject = 8586EF7D1AC34C1F00F47C20 /* Project object */;
}
