// !$*UTF8*$!
{
	archiveVersion = 1;
	classes = {
	};
	objectVersion = 46;
	objects = {

/* Begin PBXBuildFile section */
		85151E191AE405DA0003B148 /* DayService.swift in Sources */ = {isa = PBXBuildFile; fileRef = 85151E181AE405DA0003B148 /* DayService.swift */; };
		851EC8671B4F2B2700CD0D90 /* FacebookFriendsService.swift in Sources */ = {isa = PBXBuildFile; fileRef = 851EC8661B4F2B2700CD0D90 /* FacebookFriendsService.swift */; };
		853411FF1B4D97E600CC539C /* Enemy.swift in Sources */ = {isa = PBXBuildFile; fileRef = 853411FE1B4D97E600CC539C /* Enemy.swift */; };
		8578AAB81AD92A8F004A2CE6 /* DayViewController.swift in Sources */ = {isa = PBXBuildFile; fileRef = 8578AAB71AD92A8F004A2CE6 /* DayViewController.swift */; };
		8578AABF1ADAB151004A2CE6 /* SettingsViewController.swift in Sources */ = {isa = PBXBuildFile; fileRef = 8578AABE1ADAB151004A2CE6 /* SettingsViewController.swift */; };
		8578AAC11ADC281F004A2CE6 /* WeatherService.swift in Sources */ = {isa = PBXBuildFile; fileRef = 8578AAC01ADC281F004A2CE6 /* WeatherService.swift */; };
		8578AAC51ADC6452004A2CE6 /* RainView.swift in Sources */ = {isa = PBXBuildFile; fileRef = 8578AAC41ADC6452004A2CE6 /* RainView.swift */; };
		8578D0141B4DAF1E007ECE49 /* InviteFriendTableViewCell.swift in Sources */ = {isa = PBXBuildFile; fileRef = 8578D0131B4DAF1E007ECE49 /* InviteFriendTableViewCell.swift */; };
		8578D0171B4DB542007ECE49 /* SelectEnemiesViewController.swift in Sources */ = {isa = PBXBuildFile; fileRef = 8578D0161B4DB542007ECE49 /* SelectEnemiesViewController.swift */; };
		8578D0191B4DB9B4007ECE49 /* Friend.swift in Sources */ = {isa = PBXBuildFile; fileRef = 8578D0181B4DB9B4007ECE49 /* Friend.swift */; };
		8578D01B1B4DB9CB007ECE49 /* User.swift in Sources */ = {isa = PBXBuildFile; fileRef = 8578D01A1B4DB9CB007ECE49 /* User.swift */; };
		8578D01D1B4DE0A5007ECE49 /* FriendTableViewCell.swift in Sources */ = {isa = PBXBuildFile; fileRef = 8578D01C1B4DE0A5007ECE49 /* FriendTableViewCell.swift */; };
		8586EF8B1AC34C1F00F47C20 /* AppDelegate.swift in Sources */ = {isa = PBXBuildFile; fileRef = 8586EF8A1AC34C1F00F47C20 /* AppDelegate.swift */; };
		8586EF8D1AC34C1F00F47C20 /* WelcomeViewController.swift in Sources */ = {isa = PBXBuildFile; fileRef = 8586EF8C1AC34C1F00F47C20 /* WelcomeViewController.swift */; };
		8586EF901AC34C1F00F47C20 /* Main.storyboard in Resources */ = {isa = PBXBuildFile; fileRef = 8586EF8E1AC34C1F00F47C20 /* Main.storyboard */; };
		8586EF921AC34C1F00F47C20 /* Images.xcassets in Resources */ = {isa = PBXBuildFile; fileRef = 8586EF911AC34C1F00F47C20 /* Images.xcassets */; };
		8586EF951AC34C1F00F47C20 /* LaunchScreen.xib in Resources */ = {isa = PBXBuildFile; fileRef = 8586EF931AC34C1F00F47C20 /* LaunchScreen.xib */; };
		8586EFA11AC34C1F00F47C20 /* TheCandyChallengeTests.swift in Sources */ = {isa = PBXBuildFile; fileRef = 8586EFA01AC34C1F00F47C20 /* TheCandyChallengeTests.swift */; };
		85BF633F1ADD8DF6004A7B42 /* ParseFacebookUtilsV4.framework in Frameworks */ = {isa = PBXBuildFile; fileRef = 85BF633E1ADD8DF6004A7B42 /* ParseFacebookUtilsV4.framework */; };
		85BF63421ADD8E17004A7B42 /* Bolts.framework in Frameworks */ = {isa = PBXBuildFile; fileRef = 85BF63401ADD8E17004A7B42 /* Bolts.framework */; };
		85BF63431ADD8E17004A7B42 /* Parse.framework in Frameworks */ = {isa = PBXBuildFile; fileRef = 85BF63411ADD8E17004A7B42 /* Parse.framework */; };
		85C32E4F1ACB14A90053EFF7 /* InviteFriendsViewController.swift in Sources */ = {isa = PBXBuildFile; fileRef = 85C32E4E1ACB14A90053EFF7 /* InviteFriendsViewController.swift */; };
		85C32E541ACB26450053EFF7 /* FBSDKCoreKit.framework in Frameworks */ = {isa = PBXBuildFile; fileRef = 85C32E531ACB26450053EFF7 /* FBSDKCoreKit.framework */; };
		85C32E5A1ACB28410053EFF7 /* FBSDKLoginKit.framework in Frameworks */ = {isa = PBXBuildFile; fileRef = 85C32E591ACB28410053EFF7 /* FBSDKLoginKit.framework */; };
		85C32E5E1ACB2ED00053EFF7 /* AudioToolbox.framework in Frameworks */ = {isa = PBXBuildFile; fileRef = 85C32E5D1ACB2ED00053EFF7 /* AudioToolbox.framework */; };
		85C32E601ACB2ED70053EFF7 /* CFNetwork.framework in Frameworks */ = {isa = PBXBuildFile; fileRef = 85C32E5F1ACB2ED70053EFF7 /* CFNetwork.framework */; };
		85C32E621ACB2EDE0053EFF7 /* CoreGraphics.framework in Frameworks */ = {isa = PBXBuildFile; fileRef = 85C32E611ACB2EDE0053EFF7 /* CoreGraphics.framework */; };
		85C32E641ACB2EE40053EFF7 /* CoreLocation.framework in Frameworks */ = {isa = PBXBuildFile; fileRef = 85C32E631ACB2EE40053EFF7 /* CoreLocation.framework */; };
		85C32E661ACB2EED0053EFF7 /* MobileCoreServices.framework in Frameworks */ = {isa = PBXBuildFile; fileRef = 85C32E651ACB2EED0053EFF7 /* MobileCoreServices.framework */; };
		85C32E681ACB2EF40053EFF7 /* QuartzCore.framework in Frameworks */ = {isa = PBXBuildFile; fileRef = 85C32E671ACB2EF40053EFF7 /* QuartzCore.framework */; };
		85C32E6A1ACB2F080053EFF7 /* Security.framework in Frameworks */ = {isa = PBXBuildFile; fileRef = 85C32E691ACB2F080053EFF7 /* Security.framework */; };
		85C32E6C1ACB2F0F0053EFF7 /* StoreKit.framework in Frameworks */ = {isa = PBXBuildFile; fileRef = 85C32E6B1ACB2F0F0053EFF7 /* StoreKit.framework */; };
		85C32E6E1ACB2F160053EFF7 /* SystemConfiguration.framework in Frameworks */ = {isa = PBXBuildFile; fileRef = 85C32E6D1ACB2F160053EFF7 /* SystemConfiguration.framework */; };
		85C32E701ACB2F1F0053EFF7 /* libz.dylib in Frameworks */ = {isa = PBXBuildFile; fileRef = 85C32E6F1ACB2F1F0053EFF7 /* libz.dylib */; };
		85C32E721ACB2F280053EFF7 /* libsqlite3.dylib in Frameworks */ = {isa = PBXBuildFile; fileRef = 85C32E711ACB2F280053EFF7 /* libsqlite3.dylib */; };
		85C32E771ACB3D990053EFF7 /* PasswordGenerator.swift in Sources */ = {isa = PBXBuildFile; fileRef = 85C32E761ACB3D990053EFF7 /* PasswordGenerator.swift */; };
		85C32E7C1ACB4CA80053EFF7 /* ContainerViewController.swift in Sources */ = {isa = PBXBuildFile; fileRef = 85C32E7B1ACB4CA80053EFF7 /* ContainerViewController.swift */; };
		85C32E7F1ACC0A2D0053EFF7 /* Constants.swift in Sources */ = {isa = PBXBuildFile; fileRef = 85C32E7E1ACC0A2D0053EFF7 /* Constants.swift */; };
		85C32E811ACC22C60053EFF7 /* UserService.swift in Sources */ = {isa = PBXBuildFile; fileRef = 85C32E801ACC22C60053EFF7 /* UserService.swift */; };
		85C32E831ACC243C0053EFF7 /* ProgressViewController.swift in Sources */ = {isa = PBXBuildFile; fileRef = 85C32E821ACC243C0053EFF7 /* ProgressViewController.swift */; };
		85C32E891ACC469C0053EFF7 /* Challenge.swift in Sources */ = {isa = PBXBuildFile; fileRef = 85C32E881ACC469C0053EFF7 /* Challenge.swift */; };
		85C32E8B1ACC46D10053EFF7 /* ChallengeService.swift in Sources */ = {isa = PBXBuildFile; fileRef = 85C32E8A1ACC46D10053EFF7 /* ChallengeService.swift */; };
/* End PBXBuildFile section */

/* Begin PBXContainerItemProxy section */
		8586EF9B1AC34C1F00F47C20 /* PBXContainerItemProxy */ = {
			isa = PBXContainerItemProxy;
			containerPortal = 8586EF7D1AC34C1F00F47C20 /* Project object */;
			proxyType = 1;
			remoteGlobalIDString = 8586EF841AC34C1F00F47C20;
			remoteInfo = TheCandyChallenge;
		};
/* End PBXContainerItemProxy section */

/* Begin PBXFileReference section */
		85151E181AE405DA0003B148 /* DayService.swift */ = {isa = PBXFileReference; fileEncoding = 4; lastKnownFileType = sourcecode.swift; path = DayService.swift; sourceTree = "<group>"; };
		851EC8661B4F2B2700CD0D90 /* FacebookFriendsService.swift */ = {isa = PBXFileReference; fileEncoding = 4; lastKnownFileType = sourcecode.swift; path = FacebookFriendsService.swift; sourceTree = "<group>"; };
		853411FE1B4D97E600CC539C /* Enemy.swift */ = {isa = PBXFileReference; fileEncoding = 4; lastKnownFileType = sourcecode.swift; path = Enemy.swift; sourceTree = "<group>"; };
		8578AAB71AD92A8F004A2CE6 /* DayViewController.swift */ = {isa = PBXFileReference; fileEncoding = 4; lastKnownFileType = sourcecode.swift; path = DayViewController.swift; sourceTree = "<group>"; };
		8578AABB1AD99D48004A2CE6 /* TheCandyChallenge.entitlements */ = {isa = PBXFileReference; lastKnownFileType = text.xml; path = TheCandyChallenge.entitlements; sourceTree = "<group>"; };
		8578AABE1ADAB151004A2CE6 /* SettingsViewController.swift */ = {isa = PBXFileReference; fileEncoding = 4; lastKnownFileType = sourcecode.swift; path = SettingsViewController.swift; sourceTree = "<group>"; };
		8578AAC01ADC281F004A2CE6 /* WeatherService.swift */ = {isa = PBXFileReference; fileEncoding = 4; lastKnownFileType = sourcecode.swift; path = WeatherService.swift; sourceTree = "<group>"; };
		8578AAC21ADC309A004A2CE6 /* nb */ = {isa = PBXFileReference; lastKnownFileType = text.plist.strings; name = nb; path = nb.lproj/Main.strings; sourceTree = "<group>"; };
		8578AAC31ADC309A004A2CE6 /* nb */ = {isa = PBXFileReference; lastKnownFileType = text.plist.strings; name = nb; path = nb.lproj/LaunchScreen.strings; sourceTree = "<group>"; };
		8578AAC41ADC6452004A2CE6 /* RainView.swift */ = {isa = PBXFileReference; fileEncoding = 4; lastKnownFileType = sourcecode.swift; path = RainView.swift; sourceTree = "<group>"; };
		8578D0131B4DAF1E007ECE49 /* InviteFriendTableViewCell.swift */ = {isa = PBXFileReference; fileEncoding = 4; lastKnownFileType = sourcecode.swift; path = InviteFriendTableViewCell.swift; sourceTree = "<group>"; };
		8578D0161B4DB542007ECE49 /* SelectEnemiesViewController.swift */ = {isa = PBXFileReference; fileEncoding = 4; lastKnownFileType = sourcecode.swift; path = SelectEnemiesViewController.swift; sourceTree = "<group>"; };
		8578D0181B4DB9B4007ECE49 /* Friend.swift */ = {isa = PBXFileReference; fileEncoding = 4; lastKnownFileType = sourcecode.swift; path = Friend.swift; sourceTree = "<group>"; };
		8578D01A1B4DB9CB007ECE49 /* User.swift */ = {isa = PBXFileReference; fileEncoding = 4; lastKnownFileType = sourcecode.swift; path = User.swift; sourceTree = "<group>"; };
		8578D01C1B4DE0A5007ECE49 /* FriendTableViewCell.swift */ = {isa = PBXFileReference; fileEncoding = 4; lastKnownFileType = sourcecode.swift; path = FriendTableViewCell.swift; sourceTree = "<group>"; };
		8586EF851AC34C1F00F47C20 /* TheCandyChallenge.app */ = {isa = PBXFileReference; explicitFileType = wrapper.application; includeInIndex = 0; path = TheCandyChallenge.app; sourceTree = BUILT_PRODUCTS_DIR; };
		8586EF891AC34C1F00F47C20 /* Info.plist */ = {isa = PBXFileReference; lastKnownFileType = text.plist.xml; path = Info.plist; sourceTree = "<group>"; };
		8586EF8A1AC34C1F00F47C20 /* AppDelegate.swift */ = {isa = PBXFileReference; lastKnownFileType = sourcecode.swift; path = AppDelegate.swift; sourceTree = "<group>"; };
		8586EF8C1AC34C1F00F47C20 /* WelcomeViewController.swift */ = {isa = PBXFileReference; lastKnownFileType = sourcecode.swift; path = WelcomeViewController.swift; sourceTree = "<group>"; };
		8586EF8F1AC34C1F00F47C20 /* Base */ = {isa = PBXFileReference; lastKnownFileType = file.storyboard; name = Base; path = Base.lproj/Main.storyboard; sourceTree = "<group>"; };
		8586EF911AC34C1F00F47C20 /* Images.xcassets */ = {isa = PBXFileReference; lastKnownFileType = folder.assetcatalog; path = Images.xcassets; sourceTree = "<group>"; };
		8586EF941AC34C1F00F47C20 /* Base */ = {isa = PBXFileReference; lastKnownFileType = file.xib; name = Base; path = Base.lproj/LaunchScreen.xib; sourceTree = "<group>"; };
		8586EF9A1AC34C1F00F47C20 /* TheCandyChallengeTests.xctest */ = {isa = PBXFileReference; explicitFileType = wrapper.cfbundle; includeInIndex = 0; path = TheCandyChallengeTests.xctest; sourceTree = BUILT_PRODUCTS_DIR; };
		8586EF9F1AC34C1F00F47C20 /* Info.plist */ = {isa = PBXFileReference; lastKnownFileType = text.plist.xml; path = Info.plist; sourceTree = "<group>"; };
		8586EFA01AC34C1F00F47C20 /* TheCandyChallengeTests.swift */ = {isa = PBXFileReference; lastKnownFileType = sourcecode.swift; path = TheCandyChallengeTests.swift; sourceTree = "<group>"; };
		85BF633E1ADD8DF6004A7B42 /* ParseFacebookUtilsV4.framework */ = {isa = PBXFileReference; lastKnownFileType = wrapper.framework; path = ParseFacebookUtilsV4.framework; sourceTree = "<group>"; };
		85BF63401ADD8E17004A7B42 /* Bolts.framework */ = {isa = PBXFileReference; lastKnownFileType = wrapper.framework; path = Bolts.framework; sourceTree = "<group>"; };
		85BF63411ADD8E17004A7B42 /* Parse.framework */ = {isa = PBXFileReference; lastKnownFileType = wrapper.framework; path = Parse.framework; sourceTree = "<group>"; };
		85C32E4E1ACB14A90053EFF7 /* InviteFriendsViewController.swift */ = {isa = PBXFileReference; fileEncoding = 4; lastKnownFileType = sourcecode.swift; path = InviteFriendsViewController.swift; sourceTree = "<group>"; };
		85C32E531ACB26450053EFF7 /* FBSDKCoreKit.framework */ = {isa = PBXFileReference; lastKnownFileType = wrapper.framework; name = FBSDKCoreKit.framework; path = ../../Documents/FacebookSDK/FBSDKCoreKit.framework; sourceTree = "<group>"; };
		85C32E561ACB27410053EFF7 /* TheCandyChallenge-Bridging-Header.h */ = {isa = PBXFileReference; lastKnownFileType = sourcecode.c.h; path = "TheCandyChallenge-Bridging-Header.h"; sourceTree = "<group>"; };
		85C32E591ACB28410053EFF7 /* FBSDKLoginKit.framework */ = {isa = PBXFileReference; lastKnownFileType = wrapper.framework; name = FBSDKLoginKit.framework; path = ../../Documents/FacebookSDK/FBSDKLoginKit.framework; sourceTree = "<group>"; };
		85C32E5D1ACB2ED00053EFF7 /* AudioToolbox.framework */ = {isa = PBXFileReference; lastKnownFileType = wrapper.framework; name = AudioToolbox.framework; path = System/Library/Frameworks/AudioToolbox.framework; sourceTree = SDKROOT; };
		85C32E5F1ACB2ED70053EFF7 /* CFNetwork.framework */ = {isa = PBXFileReference; lastKnownFileType = wrapper.framework; name = CFNetwork.framework; path = System/Library/Frameworks/CFNetwork.framework; sourceTree = SDKROOT; };
		85C32E611ACB2EDE0053EFF7 /* CoreGraphics.framework */ = {isa = PBXFileReference; lastKnownFileType = wrapper.framework; name = CoreGraphics.framework; path = System/Library/Frameworks/CoreGraphics.framework; sourceTree = SDKROOT; };
		85C32E631ACB2EE40053EFF7 /* CoreLocation.framework */ = {isa = PBXFileReference; lastKnownFileType = wrapper.framework; name = CoreLocation.framework; path = System/Library/Frameworks/CoreLocation.framework; sourceTree = SDKROOT; };
		85C32E651ACB2EED0053EFF7 /* MobileCoreServices.framework */ = {isa = PBXFileReference; lastKnownFileType = wrapper.framework; name = MobileCoreServices.framework; path = System/Library/Frameworks/MobileCoreServices.framework; sourceTree = SDKROOT; };
		85C32E671ACB2EF40053EFF7 /* QuartzCore.framework */ = {isa = PBXFileReference; lastKnownFileType = wrapper.framework; name = QuartzCore.framework; path = System/Library/Frameworks/QuartzCore.framework; sourceTree = SDKROOT; };
		85C32E691ACB2F080053EFF7 /* Security.framework */ = {isa = PBXFileReference; lastKnownFileType = wrapper.framework; name = Security.framework; path = System/Library/Frameworks/Security.framework; sourceTree = SDKROOT; };
		85C32E6B1ACB2F0F0053EFF7 /* StoreKit.framework */ = {isa = PBXFileReference; lastKnownFileType = wrapper.framework; name = StoreKit.framework; path = System/Library/Frameworks/StoreKit.framework; sourceTree = SDKROOT; };
		85C32E6D1ACB2F160053EFF7 /* SystemConfiguration.framework */ = {isa = PBXFileReference; lastKnownFileType = wrapper.framework; name = SystemConfiguration.framework; path = System/Library/Frameworks/SystemConfiguration.framework; sourceTree = SDKROOT; };
		85C32E6F1ACB2F1F0053EFF7 /* libz.dylib */ = {isa = PBXFileReference; lastKnownFileType = "compiled.mach-o.dylib"; name = libz.dylib; path = usr/lib/libz.dylib; sourceTree = SDKROOT; };
		85C32E711ACB2F280053EFF7 /* libsqlite3.dylib */ = {isa = PBXFileReference; lastKnownFileType = "compiled.mach-o.dylib"; name = libsqlite3.dylib; path = usr/lib/libsqlite3.dylib; sourceTree = SDKROOT; };
		85C32E761ACB3D990053EFF7 /* PasswordGenerator.swift */ = {isa = PBXFileReference; fileEncoding = 4; lastKnownFileType = sourcecode.swift; path = PasswordGenerator.swift; sourceTree = "<group>"; };
		85C32E7B1ACB4CA80053EFF7 /* ContainerViewController.swift */ = {isa = PBXFileReference; fileEncoding = 4; lastKnownFileType = sourcecode.swift; path = ContainerViewController.swift; sourceTree = "<group>"; };
		85C32E7E1ACC0A2D0053EFF7 /* Constants.swift */ = {isa = PBXFileReference; fileEncoding = 4; lastKnownFileType = sourcecode.swift; path = Constants.swift; sourceTree = "<group>"; };
		85C32E801ACC22C60053EFF7 /* UserService.swift */ = {isa = PBXFileReference; fileEncoding = 4; lastKnownFileType = sourcecode.swift; path = UserService.swift; sourceTree = "<group>"; };
		85C32E821ACC243C0053EFF7 /* ProgressViewController.swift */ = {isa = PBXFileReference; fileEncoding = 4; lastKnownFileType = sourcecode.swift; path = ProgressViewController.swift; sourceTree = "<group>"; };
		85C32E881ACC469C0053EFF7 /* Challenge.swift */ = {isa = PBXFileReference; fileEncoding = 4; lastKnownFileType = sourcecode.swift; path = Challenge.swift; sourceTree = "<group>"; };
		85C32E8A1ACC46D10053EFF7 /* ChallengeService.swift */ = {isa = PBXFileReference; fileEncoding = 4; lastKnownFileType = sourcecode.swift; path = ChallengeService.swift; sourceTree = "<group>"; };
/* End PBXFileReference section */

/* Begin PBXFrameworksBuildPhase section */
		8586EF821AC34C1F00F47C20 /* Frameworks */ = {
			isa = PBXFrameworksBuildPhase;
			buildActionMask = 2147483647;
			files = (
				85C32E641ACB2EE40053EFF7 /* CoreLocation.framework in Frameworks */,
				85C32E721ACB2F280053EFF7 /* libsqlite3.dylib in Frameworks */,
				85C32E701ACB2F1F0053EFF7 /* libz.dylib in Frameworks */,
				85C32E6E1ACB2F160053EFF7 /* SystemConfiguration.framework in Frameworks */,
				85C32E6C1ACB2F0F0053EFF7 /* StoreKit.framework in Frameworks */,
				85C32E6A1ACB2F080053EFF7 /* Security.framework in Frameworks */,
				85BF63431ADD8E17004A7B42 /* Parse.framework in Frameworks */,
				85C32E681ACB2EF40053EFF7 /* QuartzCore.framework in Frameworks */,
				85C32E661ACB2EED0053EFF7 /* MobileCoreServices.framework in Frameworks */,
				85C32E621ACB2EDE0053EFF7 /* CoreGraphics.framework in Frameworks */,
				85C32E601ACB2ED70053EFF7 /* CFNetwork.framework in Frameworks */,
				85C32E5E1ACB2ED00053EFF7 /* AudioToolbox.framework in Frameworks */,
				85C32E5A1ACB28410053EFF7 /* FBSDKLoginKit.framework in Frameworks */,
				85BF633F1ADD8DF6004A7B42 /* ParseFacebookUtilsV4.framework in Frameworks */,
				85C32E541ACB26450053EFF7 /* FBSDKCoreKit.framework in Frameworks */,
				85BF63421ADD8E17004A7B42 /* Bolts.framework in Frameworks */,
			);
			runOnlyForDeploymentPostprocessing = 0;
		};
		8586EF971AC34C1F00F47C20 /* Frameworks */ = {
			isa = PBXFrameworksBuildPhase;
			buildActionMask = 2147483647;
			files = (
			);
			runOnlyForDeploymentPostprocessing = 0;
		};
/* End PBXFrameworksBuildPhase section */

/* Begin PBXGroup section */
		8578AAC61ADC6620004A2CE6 /* views */ = {
			isa = PBXGroup;
			children = (
				8578AAC41ADC6452004A2CE6 /* RainView.swift */,
			);
			name = views;
			sourceTree = "<group>";
		};
		8578D0121B4DAEEE007ECE49 /* cells */ = {
			isa = PBXGroup;
			children = (
				8578D0131B4DAF1E007ECE49 /* InviteFriendTableViewCell.swift */,
				8578D01C1B4DE0A5007ECE49 /* FriendTableViewCell.swift */,
			);
			name = cells;
			sourceTree = "<group>";
		};
		8578D0151B4DB051007ECE49 /* rootviews */ = {
			isa = PBXGroup;
			children = (
				8578AAB71AD92A8F004A2CE6 /* DayViewController.swift */,
				85C32E821ACC243C0053EFF7 /* ProgressViewController.swift */,
				8578AABE1ADAB151004A2CE6 /* SettingsViewController.swift */,
			);
			name = rootviews;
			sourceTree = "<group>";
		};
		8586EF7C1AC34C1F00F47C20 = {
			isa = PBXGroup;
			children = (
				85C32E501ACB26150053EFF7 /* frameworks */,
				8586EF871AC34C1F00F47C20 /* TheCandyChallenge */,
				8586EF9D1AC34C1F00F47C20 /* TheCandyChallengeTests */,
				8586EF861AC34C1F00F47C20 /* Products */,
			);
			sourceTree = "<group>";
		};
		8586EF861AC34C1F00F47C20 /* Products */ = {
			isa = PBXGroup;
			children = (
				8586EF851AC34C1F00F47C20 /* TheCandyChallenge.app */,
				8586EF9A1AC34C1F00F47C20 /* TheCandyChallengeTests.xctest */,
			);
			name = Products;
			sourceTree = "<group>";
		};
		8586EF871AC34C1F00F47C20 /* TheCandyChallenge */ = {
			isa = PBXGroup;
			children = (
				8578AABB1AD99D48004A2CE6 /* TheCandyChallenge.entitlements */,
				8586EF8E1AC34C1F00F47C20 /* Main.storyboard */,
				8586EF8A1AC34C1F00F47C20 /* AppDelegate.swift */,
				8578D0121B4DAEEE007ECE49 /* cells */,
				85C32E751ACB3D4B0053EFF7 /* util */,
				85C32E871ACC46840053EFF7 /* model */,
				85C32E551ACB27300053EFF7 /* bridge */,
				85C32E7D1ACC09FC0053EFF7 /* services */,
				8578AAC61ADC6620004A2CE6 /* views */,
				85C32E861ACC39AD0053EFF7 /* viewcontrollers */,
				8586EF911AC34C1F00F47C20 /* Images.xcassets */,
				8586EF931AC34C1F00F47C20 /* LaunchScreen.xib */,
				8586EF881AC34C1F00F47C20 /* Supporting Files */,
			);
			path = TheCandyChallenge;
			sourceTree = "<group>";
		};
		8586EF881AC34C1F00F47C20 /* Supporting Files */ = {
			isa = PBXGroup;
			children = (
				8586EF891AC34C1F00F47C20 /* Info.plist */,
			);
			name = "Supporting Files";
			sourceTree = "<group>";
		};
		8586EF9D1AC34C1F00F47C20 /* TheCandyChallengeTests */ = {
			isa = PBXGroup;
			children = (
				8586EFA01AC34C1F00F47C20 /* TheCandyChallengeTests.swift */,
				8586EF9E1AC34C1F00F47C20 /* Supporting Files */,
			);
			path = TheCandyChallengeTests;
			sourceTree = "<group>";
		};
		8586EF9E1AC34C1F00F47C20 /* Supporting Files */ = {
			isa = PBXGroup;
			children = (
				8586EF9F1AC34C1F00F47C20 /* Info.plist */,
			);
			name = "Supporting Files";
			sourceTree = "<group>";
		};
		85C32E501ACB26150053EFF7 /* frameworks */ = {
			isa = PBXGroup;
			children = (
				85BF63401ADD8E17004A7B42 /* Bolts.framework */,
				85BF63411ADD8E17004A7B42 /* Parse.framework */,
				85BF633E1ADD8DF6004A7B42 /* ParseFacebookUtilsV4.framework */,
				85C32E711ACB2F280053EFF7 /* libsqlite3.dylib */,
				85C32E6F1ACB2F1F0053EFF7 /* libz.dylib */,
				85C32E6D1ACB2F160053EFF7 /* SystemConfiguration.framework */,
				85C32E6B1ACB2F0F0053EFF7 /* StoreKit.framework */,
				85C32E691ACB2F080053EFF7 /* Security.framework */,
				85C32E671ACB2EF40053EFF7 /* QuartzCore.framework */,
				85C32E651ACB2EED0053EFF7 /* MobileCoreServices.framework */,
				85C32E631ACB2EE40053EFF7 /* CoreLocation.framework */,
				85C32E611ACB2EDE0053EFF7 /* CoreGraphics.framework */,
				85C32E5F1ACB2ED70053EFF7 /* CFNetwork.framework */,
				85C32E5D1ACB2ED00053EFF7 /* AudioToolbox.framework */,
				85C32E591ACB28410053EFF7 /* FBSDKLoginKit.framework */,
				85C32E531ACB26450053EFF7 /* FBSDKCoreKit.framework */,
			);
			name = frameworks;
			sourceTree = "<group>";
		};
		85C32E551ACB27300053EFF7 /* bridge */ = {
			isa = PBXGroup;
			children = (
				85C32E561ACB27410053EFF7 /* TheCandyChallenge-Bridging-Header.h */,
			);
			name = bridge;
			sourceTree = "<group>";
		};
		85C32E751ACB3D4B0053EFF7 /* util */ = {
			isa = PBXGroup;
			children = (
				85C32E761ACB3D990053EFF7 /* PasswordGenerator.swift */,
				85C32E7E1ACC0A2D0053EFF7 /* Constants.swift */,
			);
			name = util;
			sourceTree = "<group>";
		};
		85C32E7D1ACC09FC0053EFF7 /* services */ = {
			isa = PBXGroup;
			children = (
				85C32E801ACC22C60053EFF7 /* UserService.swift */,
				8578AAC01ADC281F004A2CE6 /* WeatherService.swift */,
				851EC8661B4F2B2700CD0D90 /* FacebookFriendsService.swift */,
				85151E181AE405DA0003B148 /* DayService.swift */,
				85C32E8A1ACC46D10053EFF7 /* ChallengeService.swift */,
			);
			name = services;
			sourceTree = "<group>";
		};
		85C32E861ACC39AD0053EFF7 /* viewcontrollers */ = {
			isa = PBXGroup;
			children = (
				85C32E7B1ACB4CA80053EFF7 /* ContainerViewController.swift */,
				8578D0151B4DB051007ECE49 /* rootviews */,
				85C32E4E1ACB14A90053EFF7 /* InviteFriendsViewController.swift */,
				8578D0161B4DB542007ECE49 /* SelectEnemiesViewController.swift */,
				8586EF8C1AC34C1F00F47C20 /* WelcomeViewController.swift */,
			);
			name = viewcontrollers;
			sourceTree = "<group>";
		};
		85C32E871ACC46840053EFF7 /* model */ = {
			isa = PBXGroup;
			children = (
				85C32E881ACC469C0053EFF7 /* Challenge.swift */,
				853411FE1B4D97E600CC539C /* Enemy.swift */,
				8578D0181B4DB9B4007ECE49 /* Friend.swift */,
				8578D01A1B4DB9CB007ECE49 /* User.swift */,
			);
			name = model;
			sourceTree = "<group>";
		};
/* End PBXGroup section */

/* Begin PBXNativeTarget section */
		8586EF841AC34C1F00F47C20 /* TheCandyChallenge */ = {
			isa = PBXNativeTarget;
			buildConfigurationList = 8586EFA41AC34C1F00F47C20 /* Build configuration list for PBXNativeTarget "TheCandyChallenge" */;
			buildPhases = (
				8586EF811AC34C1F00F47C20 /* Sources */,
				8586EF821AC34C1F00F47C20 /* Frameworks */,
				8586EF831AC34C1F00F47C20 /* Resources */,
			);
			buildRules = (
			);
			dependencies = (
			);
			name = TheCandyChallenge;
			productName = TheCandyChallenge;
			productReference = 8586EF851AC34C1F00F47C20 /* TheCandyChallenge.app */;
			productType = "com.apple.product-type.application";
		};
		8586EF991AC34C1F00F47C20 /* TheCandyChallengeTests */ = {
			isa = PBXNativeTarget;
			buildConfigurationList = 8586EFA71AC34C1F00F47C20 /* Build configuration list for PBXNativeTarget "TheCandyChallengeTests" */;
			buildPhases = (
				8586EF961AC34C1F00F47C20 /* Sources */,
				8586EF971AC34C1F00F47C20 /* Frameworks */,
				8586EF981AC34C1F00F47C20 /* Resources */,
			);
			buildRules = (
			);
			dependencies = (
				8586EF9C1AC34C1F00F47C20 /* PBXTargetDependency */,
			);
			name = TheCandyChallengeTests;
			productName = TheCandyChallengeTests;
			productReference = 8586EF9A1AC34C1F00F47C20 /* TheCandyChallengeTests.xctest */;
			productType = "com.apple.product-type.bundle.unit-test";
		};
/* End PBXNativeTarget section */

/* Begin PBXProject section */
		8586EF7D1AC34C1F00F47C20 /* Project object */ = {
			isa = PBXProject;
			attributes = {
				LastSwiftUpdateCheck = 0700;
				LastUpgradeCheck = 0700;
				ORGANIZATIONNAME = "Simen Lomås Johannessen";
				TargetAttributes = {
					8586EF841AC34C1F00F47C20 = {
						CreatedOnToolsVersion = 6.2;
						DevelopmentTeam = H8L8VRZJUX;
						SystemCapabilities = {
							com.apple.HealthKit = {
								enabled = 0;
							};
						};
					};
					8586EF991AC34C1F00F47C20 = {
						CreatedOnToolsVersion = 6.2;
						TestTargetID = 8586EF841AC34C1F00F47C20;
					};
				};
			};
			buildConfigurationList = 8586EF801AC34C1F00F47C20 /* Build configuration list for PBXProject "TheCandyChallenge" */;
			compatibilityVersion = "Xcode 3.2";
			developmentRegion = English;
			hasScannedForEncodings = 0;
			knownRegions = (
				en,
				Base,
			);
			mainGroup = 8586EF7C1AC34C1F00F47C20;
			productRefGroup = 8586EF861AC34C1F00F47C20 /* Products */;
			projectDirPath = "";
			projectRoot = "";
			targets = (
				8586EF841AC34C1F00F47C20 /* TheCandyChallenge */,
				8586EF991AC34C1F00F47C20 /* TheCandyChallengeTests */,
			);
		};
/* End PBXProject section */

/* Begin PBXResourcesBuildPhase section */
		8586EF831AC34C1F00F47C20 /* Resources */ = {
			isa = PBXResourcesBuildPhase;
			buildActionMask = 2147483647;
			files = (
				8586EF901AC34C1F00F47C20 /* Main.storyboard in Resources */,
				8586EF951AC34C1F00F47C20 /* LaunchScreen.xib in Resources */,
				8586EF921AC34C1F00F47C20 /* Images.xcassets in Resources */,
			);
			runOnlyForDeploymentPostprocessing = 0;
		};
		8586EF981AC34C1F00F47C20 /* Resources */ = {
			isa = PBXResourcesBuildPhase;
			buildActionMask = 2147483647;
			files = (
			);
			runOnlyForDeploymentPostprocessing = 0;
		};
/* End PBXResourcesBuildPhase section */

/* Begin PBXSourcesBuildPhase section */
		8586EF811AC34C1F00F47C20 /* Sources */ = {
			isa = PBXSourcesBuildPhase;
			buildActionMask = 2147483647;
			files = (
				85151E191AE405DA0003B148 /* DayService.swift in Sources */,
				85C32E891ACC469C0053EFF7 /* Challenge.swift in Sources */,
				8578AABF1ADAB151004A2CE6 /* SettingsViewController.swift in Sources */,
				851EC8671B4F2B2700CD0D90 /* FacebookFriendsService.swift in Sources */,
				85C32E811ACC22C60053EFF7 /* UserService.swift in Sources */,
				853411FF1B4D97E600CC539C /* Enemy.swift in Sources */,
				85C32E8B1ACC46D10053EFF7 /* ChallengeService.swift in Sources */,
				8578D01D1B4DE0A5007ECE49 /* FriendTableViewCell.swift in Sources */,
				85C32E771ACB3D990053EFF7 /* PasswordGenerator.swift in Sources */,
				8578D0171B4DB542007ECE49 /* SelectEnemiesViewController.swift in Sources */,
				8578D01B1B4DB9CB007ECE49 /* User.swift in Sources */,
				8578D0141B4DAF1E007ECE49 /* InviteFriendTableViewCell.swift in Sources */,
				8586EF8D1AC34C1F00F47C20 /* WelcomeViewController.swift in Sources */,
				85C32E831ACC243C0053EFF7 /* ProgressViewController.swift in Sources */,
				85C32E7C1ACB4CA80053EFF7 /* ContainerViewController.swift in Sources */,
				8578AAC11ADC281F004A2CE6 /* WeatherService.swift in Sources */,
				85C32E4F1ACB14A90053EFF7 /* InviteFriendsViewController.swift in Sources */,
				8586EF8B1AC34C1F00F47C20 /* AppDelegate.swift in Sources */,
				85C32E7F1ACC0A2D0053EFF7 /* Constants.swift in Sources */,
				8578AAC51ADC6452004A2CE6 /* RainView.swift in Sources */,
				8578D0191B4DB9B4007ECE49 /* Friend.swift in Sources */,
				8578AAB81AD92A8F004A2CE6 /* DayViewController.swift in Sources */,
			);
			runOnlyForDeploymentPostprocessing = 0;
		};
		8586EF961AC34C1F00F47C20 /* Sources */ = {
			isa = PBXSourcesBuildPhase;
			buildActionMask = 2147483647;
			files = (
				8586EFA11AC34C1F00F47C20 /* TheCandyChallengeTests.swift in Sources */,
			);
			runOnlyForDeploymentPostprocessing = 0;
		};
/* End PBXSourcesBuildPhase section */

/* Begin PBXTargetDependency section */
		8586EF9C1AC34C1F00F47C20 /* PBXTargetDependency */ = {
			isa = PBXTargetDependency;
			target = 8586EF841AC34C1F00F47C20 /* TheCandyChallenge */;
			targetProxy = 8586EF9B1AC34C1F00F47C20 /* PBXContainerItemProxy */;
		};
/* End PBXTargetDependency section */

/* Begin PBXVariantGroup section */
		8586EF8E1AC34C1F00F47C20 /* Main.storyboard */ = {
			isa = PBXVariantGroup;
			children = (
				8586EF8F1AC34C1F00F47C20 /* Base */,
				8578AAC21ADC309A004A2CE6 /* nb */,
			);
			name = Main.storyboard;
			sourceTree = "<group>";
		};
		8586EF931AC34C1F00F47C20 /* LaunchScreen.xib */ = {
			isa = PBXVariantGroup;
			children = (
				8586EF941AC34C1F00F47C20 /* Base */,
				8578AAC31ADC309A004A2CE6 /* nb */,
			);
			name = LaunchScreen.xib;
			sourceTree = "<group>";
		};
/* End PBXVariantGroup section */

/* Begin XCBuildConfiguration section */
		8586EFA21AC34C1F00F47C20 /* Debug */ = {
			isa = XCBuildConfiguration;
			buildSettings = {
				ALWAYS_SEARCH_USER_PATHS = NO;
				CLANG_CXX_LANGUAGE_STANDARD = "gnu++0x";
				CLANG_CXX_LIBRARY = "libc++";
				CLANG_ENABLE_MODULES = YES;
				CLANG_ENABLE_OBJC_ARC = YES;
				CLANG_WARN_BOOL_CONVERSION = YES;
				CLANG_WARN_CONSTANT_CONVERSION = YES;
				CLANG_WARN_DIRECT_OBJC_ISA_USAGE = YES_ERROR;
				CLANG_WARN_EMPTY_BODY = YES;
				CLANG_WARN_ENUM_CONVERSION = YES;
				CLANG_WARN_INT_CONVERSION = YES;
				CLANG_WARN_OBJC_ROOT_CLASS = YES_ERROR;
				CLANG_WARN_UNREACHABLE_CODE = YES;
				CLANG_WARN__DUPLICATE_METHOD_MATCH = YES;
				"CODE_SIGN_IDENTITY[sdk=iphoneos*]" = "iPhone Developer";
				COPY_PHASE_STRIP = NO;
				ENABLE_STRICT_OBJC_MSGSEND = YES;
				ENABLE_TESTABILITY = YES;
				GCC_C_LANGUAGE_STANDARD = gnu99;
				GCC_DYNAMIC_NO_PIC = NO;
				GCC_OPTIMIZATION_LEVEL = 0;
				GCC_PREPROCESSOR_DEFINITIONS = (
					"DEBUG=1",
					"$(inherited)",
				);
				GCC_SYMBOLS_PRIVATE_EXTERN = NO;
				GCC_WARN_64_TO_32_BIT_CONVERSION = YES;
				GCC_WARN_ABOUT_RETURN_TYPE = YES_ERROR;
				GCC_WARN_UNDECLARED_SELECTOR = YES;
				GCC_WARN_UNINITIALIZED_AUTOS = YES_AGGRESSIVE;
				GCC_WARN_UNUSED_FUNCTION = YES;
				GCC_WARN_UNUSED_VARIABLE = YES;
				IPHONEOS_DEPLOYMENT_TARGET = 8.2;
				MTL_ENABLE_DEBUG_INFO = YES;
				ONLY_ACTIVE_ARCH = YES;
				SDKROOT = iphoneos;
				SWIFT_OPTIMIZATION_LEVEL = "-Onone";
				TARGETED_DEVICE_FAMILY = "1,2";
			};
			name = Debug;
		};
		8586EFA31AC34C1F00F47C20 /* Release */ = {
			isa = XCBuildConfiguration;
			buildSettings = {
				ALWAYS_SEARCH_USER_PATHS = NO;
				CLANG_CXX_LANGUAGE_STANDARD = "gnu++0x";
				CLANG_CXX_LIBRARY = "libc++";
				CLANG_ENABLE_MODULES = YES;
				CLANG_ENABLE_OBJC_ARC = YES;
				CLANG_WARN_BOOL_CONVERSION = YES;
				CLANG_WARN_CONSTANT_CONVERSION = YES;
				CLANG_WARN_DIRECT_OBJC_ISA_USAGE = YES_ERROR;
				CLANG_WARN_EMPTY_BODY = YES;
				CLANG_WARN_ENUM_CONVERSION = YES;
				CLANG_WARN_INT_CONVERSION = YES;
				CLANG_WARN_OBJC_ROOT_CLASS = YES_ERROR;
				CLANG_WARN_UNREACHABLE_CODE = YES;
				CLANG_WARN__DUPLICATE_METHOD_MATCH = YES;
				"CODE_SIGN_IDENTITY[sdk=iphoneos*]" = "iPhone Developer";
				COPY_PHASE_STRIP = NO;
				ENABLE_NS_ASSERTIONS = NO;
				ENABLE_STRICT_OBJC_MSGSEND = YES;
				GCC_C_LANGUAGE_STANDARD = gnu99;
				GCC_WARN_64_TO_32_BIT_CONVERSION = YES;
				GCC_WARN_ABOUT_RETURN_TYPE = YES_ERROR;
				GCC_WARN_UNDECLARED_SELECTOR = YES;
				GCC_WARN_UNINITIALIZED_AUTOS = YES_AGGRESSIVE;
				GCC_WARN_UNUSED_FUNCTION = YES;
				GCC_WARN_UNUSED_VARIABLE = YES;
				IPHONEOS_DEPLOYMENT_TARGET = 8.2;
				MTL_ENABLE_DEBUG_INFO = NO;
				SDKROOT = iphoneos;
				TARGETED_DEVICE_FAMILY = "1,2";
				VALIDATE_PRODUCT = YES;
			};
			name = Release;
		};
		8586EFA51AC34C1F00F47C20 /* Debug */ = {
			isa = XCBuildConfiguration;
			buildSettings = {
				ASSETCATALOG_COMPILER_APPICON_NAME = AppIcon;
				CLANG_ENABLE_MODULES = YES;
				CODE_SIGN_IDENTITY = "iPhone Developer";
				"CODE_SIGN_IDENTITY[sdk=iphoneos*]" = "iPhone Developer";
				FRAMEWORK_SEARCH_PATHS = (
					"$(inherited)",
					"\"/Users/simen johannessen/Development/TheCandyChallenge\"",
					"$(PROJECT_DIR)",
					"\"/Users/simen johannessen/Documents/FacebookSDK\"",
				);
				INFOPLIST_FILE = TheCandyChallenge/Info.plist;
				IPHONEOS_DEPLOYMENT_TARGET = 8.3;
				LD_RUNPATH_SEARCH_PATHS = "$(inherited) @executable_path/Frameworks";
				PRODUCT_BUNDLE_IDENTIFIER = "com.lomas.$(PRODUCT_NAME:rfc1034identifier)";
				PRODUCT_NAME = "$(TARGET_NAME)";
				PROVISIONING_PROFILE = "";
				SWIFT_OBJC_BRIDGING_HEADER = "TheCandyChallenge/TheCandyChallenge-Bridging-Header.h";
				SWIFT_OPTIMIZATION_LEVEL = "-Onone";
			};
			name = Debug;
		};
		8586EFA61AC34C1F00F47C20 /* Release */ = {
			isa = XCBuildConfiguration;
			buildSettings = {
				ASSETCATALOG_COMPILER_APPICON_NAME = AppIcon;
				CLANG_ENABLE_MODULES = YES;
				CODE_SIGN_IDENTITY = "iPhone Distribution";
				FRAMEWORK_SEARCH_PATHS = (
					"$(inherited)",
					"\"/Users/simen johannessen/Development/TheCandyChallenge\"",
					"$(PROJECT_DIR)",
					"\"/Users/simen johannessen/Documents/FacebookSDK\"",
				);
				INFOPLIST_FILE = TheCandyChallenge/Info.plist;
				IPHONEOS_DEPLOYMENT_TARGET = 8.3;
				LD_RUNPATH_SEARCH_PATHS = "$(inherited) @executable_path/Frameworks";
				PRODUCT_BUNDLE_IDENTIFIER = "com.lomas.$(PRODUCT_NAME:rfc1034identifier)";
				PRODUCT_NAME = "$(TARGET_NAME)";
				PROVISIONING_PROFILE = "0d75602f-5fe5-4818-97aa-3eb29fd2f051";
				SWIFT_OBJC_BRIDGING_HEADER = "TheCandyChallenge/TheCandyChallenge-Bridging-Header.h";
			};
			name = Release;
		};
		8586EFA81AC34C1F00F47C20 /* Debug */ = {
			isa = XCBuildConfiguration;
			buildSettings = {
				BUNDLE_LOADER = "$(TEST_HOST)";
				FRAMEWORK_SEARCH_PATHS = (
					"$(SDKROOT)/Developer/Library/Frameworks",
					"$(inherited)",
				);
				GCC_PREPROCESSOR_DEFINITIONS = (
					"DEBUG=1",
					"$(inherited)",
				);
				INFOPLIST_FILE = TheCandyChallengeTests/Info.plist;
				LD_RUNPATH_SEARCH_PATHS = "$(inherited) @executable_path/Frameworks @loader_path/Frameworks";
				PRODUCT_BUNDLE_IDENTIFIER = "com.lomas.$(PRODUCT_NAME:rfc1034identifier)";
				PRODUCT_NAME = "$(TARGET_NAME)";
				TEST_HOST = "$(BUILT_PRODUCTS_DIR)/TheCandyChallenge.app/TheCandyChallenge";
			};
			name = Debug;
		};
		8586EFA91AC34C1F00F47C20 /* Release */ = {
			isa = XCBuildConfiguration;
			buildSettings = {
				BUNDLE_LOADER = "$(TEST_HOST)";
				FRAMEWORK_SEARCH_PATHS = (
					"$(SDKROOT)/Developer/Library/Frameworks",
					"$(inherited)",
				);
				INFOPLIST_FILE = TheCandyChallengeTests/Info.plist;
				LD_RUNPATH_SEARCH_PATHS = "$(inherited) @executable_path/Frameworks @loader_path/Frameworks";
				PRODUCT_BUNDLE_IDENTIFIER = "com.lomas.$(PRODUCT_NAME:rfc1034identifier)";
				PRODUCT_NAME = "$(TARGET_NAME)";
				TEST_HOST = "$(BUILT_PRODUCTS_DIR)/TheCandyChallenge.app/TheCandyChallenge";
			};
			name = Release;
		};
/* End XCBuildConfiguration section */

/* Begin XCConfigurationList section */
		8586EF801AC34C1F00F47C20 /* Build configuration list for PBXProject "TheCandyChallenge" */ = {
			isa = XCConfigurationList;
			buildConfigurations = (
				8586EFA21AC34C1F00F47C20 /* Debug */,
				8586EFA31AC34C1F00F47C20 /* Release */,
			);
			defaultConfigurationIsVisible = 0;
			defaultConfigurationName = Release;
		};
		8586EFA41AC34C1F00F47C20 /* Build configuration list for PBXNativeTarget "TheCandyChallenge" */ = {
			isa = XCConfigurationList;
			buildConfigurations = (
				8586EFA51AC34C1F00F47C20 /* Debug */,
				8586EFA61AC34C1F00F47C20 /* Release */,
			);
			defaultConfigurationIsVisible = 0;
			defaultConfigurationName = Release;
		};
		8586EFA71AC34C1F00F47C20 /* Build configuration list for PBXNativeTarget "TheCandyChallengeTests" */ = {
			isa = XCConfigurationList;
			buildConfigurations = (
				8586EFA81AC34C1F00F47C20 /* Debug */,
				8586EFA91AC34C1F00F47C20 /* Release */,
			);
			defaultConfigurationIsVisible = 0;
			defaultConfigurationName = Release;
		};
/* End XCConfigurationList section */
	};
	rootObject = 8586EF7D1AC34C1F00F47C20 /* Project object */;
}
